# This file is @generated by PDM.
# It is not intended for manual editing.

[metadata]
groups = ["default"]
strategy = ["cross_platform", "inherit_metadata"]
lock_version = "4.4.1"
content_hash = "sha256:95681932bd8d6a9a61d46ae918cfea09276e49df984b88312d978fb7abe5b314"

[[package]]
name = "colorama"
version = "0.4.6"
requires_python = "!=3.0.*,!=3.1.*,!=3.2.*,!=3.3.*,!=3.4.*,!=3.5.*,!=3.6.*,>=2.7"
summary = "Cross-platform colored terminal text."
groups = ["default"]
marker = "sys_platform == \"win32\""
files = [
    {file = "colorama-0.4.6-py2.py3-none-any.whl", hash = "sha256:4f1d9991f5acc0ca119f9d443620b77f9d6b33703e51011c16baf57afb285fc6"},
    {file = "colorama-0.4.6.tar.gz", hash = "sha256:08695f5cb7ed6e0531a20572697297273c47b8cae5a63ffc6d6ed5c201be6e44"},
]

[[package]]
name = "dill"
version = "0.3.7"
requires_python = ">=3.7"
summary = "serialize all of Python"
groups = ["default"]
files = [
    {file = "dill-0.3.7-py3-none-any.whl", hash = "sha256:76b122c08ef4ce2eedcd4d1abd8e641114bfc6c2867f49f3c41facf65bf19f5e"},
    {file = "dill-0.3.7.tar.gz", hash = "sha256:cc1c8b182eb3013e24bd475ff2e9295af86c1a38eb1aff128dac8962a9ce3c03"},
]

[[package]]
name = "distlib"
version = "0.3.8"
summary = "Distribution utilities"
groups = ["default"]
files = [
    {file = "distlib-0.3.8-py2.py3-none-any.whl", hash = "sha256:034db59a0b96f8ca18035f36290806a9a6e6bd9d1ff91e45a7f172eb17e51784"},
    {file = "distlib-0.3.8.tar.gz", hash = "sha256:1530ea13e350031b6312d8580ddb6b27a104275a31106523b8f123787f494f64"},
]

[[package]]
name = "exceptiongroup"
version = "1.2.0"
requires_python = ">=3.7"
summary = "Backport of PEP 654 (exception groups)"
groups = ["default"]
marker = "python_version < \"3.11\""
files = [
    {file = "exceptiongroup-1.2.0-py3-none-any.whl", hash = "sha256:4bfd3996ac73b41e9b9628b04e079f193850720ea5945fc96a08633c66912f14"},
    {file = "exceptiongroup-1.2.0.tar.gz", hash = "sha256:91f5c769735f051a4290d52edd0858999b57e5876e9f85937691bd4c9fa3ed68"},
]

[[package]]
name = "filelock"
version = "3.13.1"
requires_python = ">=3.8"
summary = "A platform independent file lock."
groups = ["default"]
files = [
    {file = "filelock-3.13.1-py3-none-any.whl", hash = "sha256:57dbda9b35157b05fb3e58ee91448612eb674172fab98ee235ccb0b5bee19a1c"},
    {file = "filelock-3.13.1.tar.gz", hash = "sha256:521f5f56c50f8426f5e03ad3b281b490a87ef15bc6c526f168290f0c7148d44e"},
]

[[package]]
name = "iniconfig"
version = "2.0.0"
requires_python = ">=3.7"
summary = "brain-dead simple config-ini parsing"
groups = ["default"]
files = [
    {file = "iniconfig-2.0.0-py3-none-any.whl", hash = "sha256:b6a85871a79d2e3b22d2d1b94ac2824226a63c6b741c88f7ae975f18b6778374"},
    {file = "iniconfig-2.0.0.tar.gz", hash = "sha256:2d91e135bf72d31a410b17c16da610a82cb55f6b0477d1a902134b24a455b8b3"},
]

[[package]]
name = "packaging"
version = "23.2"
requires_python = ">=3.7"
summary = "Core utilities for Python packages"
groups = ["default"]
files = [
    {file = "packaging-23.2-py3-none-any.whl", hash = "sha256:8c491190033a9af7e1d931d0b5dacc2ef47509b34dd0de67ed209b5203fc88c7"},
    {file = "packaging-23.2.tar.gz", hash = "sha256:048fb0e9405036518eaaf48a55953c750c11e1a1b68e0dd1a9d62ed0c092cfc5"},
]

[[package]]
name = "platformdirs"
version = "4.1.0"
requires_python = ">=3.8"
summary = "A small Python package for determining appropriate platform-specific dirs, e.g. a \"user data dir\"."
groups = ["default"]
files = [
    {file = "platformdirs-4.1.0-py3-none-any.whl", hash = "sha256:11c8f37bcca40db96d8144522d925583bdb7a31f7b0e37e3ed4318400a8e2380"},
    {file = "platformdirs-4.1.0.tar.gz", hash = "sha256:906d548203468492d432bcb294d4bc2fff751bf84971fbb2c10918cc206ee420"},
]

[[package]]
name = "pluggy"
version = "1.3.0"
requires_python = ">=3.8"
summary = "plugin and hook calling mechanisms for python"
groups = ["default"]
files = [
    {file = "pluggy-1.3.0-py3-none-any.whl", hash = "sha256:d89c696a773f8bd377d18e5ecda92b7a3793cbe66c87060a6fb58c7b6e1061f7"},
    {file = "pluggy-1.3.0.tar.gz", hash = "sha256:cf61ae8f126ac6f7c451172cf30e3e43d3ca77615509771b3a984a0730651e12"},
]

[[package]]
name = "pyqt6"
version = "6.6.1"
requires_python = ">=3.6.1"
summary = "Python bindings for the Qt cross platform application toolkit"
groups = ["default"]
dependencies = [
    "PyQt6-Qt6>=6.6.0",
    "PyQt6-sip<14,>=13.6",
]
files = [
    {file = "PyQt6-6.6.1-cp38-abi3-macosx_10_14_universal2.whl", hash = "sha256:6b43878d0bbbcf8b7de165d305ec0cb87113c8930c92de748a11c473a6db5085"},
    {file = "PyQt6-6.6.1-cp38-abi3-manylinux_2_28_x86_64.whl", hash = "sha256:5aa0e833cb5a79b93813f8181d9f145517dd5a46f4374544bcd1e93a8beec537"},
    {file = "PyQt6-6.6.1-cp38-abi3-win_amd64.whl", hash = "sha256:03a656d5dc5ac31b6a9ad200f7f4f7ef49fa00ad7ce7a991b9bb691617141d12"},
    {file = "PyQt6-6.6.1.tar.gz", hash = "sha256:9f158aa29d205142c56f0f35d07784b8df0be28378d20a97bcda8bd64ffd0379"},
]

[[package]]
name = "pyqt6-qt6"
version = "6.6.1"
summary = "The subset of a Qt installation needed by PyQt6."
groups = ["default"]
files = [
    {file = "PyQt6_Qt6-6.6.1-py3-none-macosx_10_14_x86_64.whl", hash = "sha256:0409aa09b8dae90d5f00ba2d9761e671dfbc54ab169cff8f4cdfecd7f664fd0f"},
    {file = "PyQt6_Qt6-6.6.1-py3-none-macosx_11_0_arm64.whl", hash = "sha256:8dcac0bd9df13d63deafb6a61969b832c34467da4a28d2b7abf78066bfce22e6"},
    {file = "PyQt6_Qt6-6.6.1-py3-none-manylinux_2_28_x86_64.whl", hash = "sha256:e7df8851c93886412d890d0ecc62b39f42521861ee7a80982136d65903e1f2c5"},
    {file = "PyQt6_Qt6-6.6.1-py3-none-win_amd64.whl", hash = "sha256:41f1ed3eadc00540c205a0e897ae0e0fffc21b896e575214f7c5b9c86d2037d1"},
]

[[package]]
name = "pyqt6-sip"
version = "13.6.0"
requires_python = ">=3.7"
summary = "The sip module support for PyQt6"
groups = ["default"]
files = [
    {file = "PyQt6_sip-13.6.0-cp310-cp310-macosx_10_9_universal2.whl", hash = "sha256:d6b5f699aaed0ac1fcd23e8fbca70d8a77965831b7c1ce474b81b1678817a49d"},
    {file = "PyQt6_sip-13.6.0-cp310-cp310-manylinux_2_5_x86_64.manylinux1_x86_64.whl", hash = "sha256:8c282062125eea5baf830c6998587d98c50be7c3a817a057fb95fef647184012"},
    {file = "PyQt6_sip-13.6.0-cp310-cp310-win32.whl", hash = "sha256:fa759b6339ff7e25f9afe2a6b651b775f0a36bcb3f5fa85e81a90d3b033c83f4"},
    {file = "PyQt6_sip-13.6.0-cp310-cp310-win_amd64.whl", hash = "sha256:8f9df9f7ccd8a9f0f1d36948c686f03ce1a1281543a3e636b7b7d5e086e1a436"},
    {file = "PyQt6_sip-13.6.0-cp311-cp311-macosx_10_9_universal2.whl", hash = "sha256:5b9c6b6f9cfccb48cbb78a59603145a698fb4ffd176764d7083e5bf47631d8df"},
    {file = "PyQt6_sip-13.6.0-cp311-cp311-manylinux_2_5_x86_64.manylinux1_x86_64.whl", hash = "sha256:86a7b67c64436e32bffa9c28c9f21bf14a9faa54991520b12c3f6f435f24df7f"},
    {file = "PyQt6_sip-13.6.0-cp311-cp311-win32.whl", hash = "sha256:58f68a48400e0b3d1ccb18090090299bad26e3aed7ccb7057c65887b79b8aeea"},
    {file = "PyQt6_sip-13.6.0-cp311-cp311-win_amd64.whl", hash = "sha256:0dfd22cfedd87e96f9d51e0778ca2ba3dc0be83e424e9e0f98f6994d8d9c90f0"},
    {file = "PyQt6_sip-13.6.0-cp312-cp312-macosx_10_9_universal2.whl", hash = "sha256:3bf03e130fbfd75c9c06e687b86ba375410c7a9e835e4e03285889e61dd4b0c4"},
    {file = "PyQt6_sip-13.6.0-cp312-cp312-manylinux_2_5_x86_64.manylinux1_x86_64.whl", hash = "sha256:43fb8551796030aae3d66d6e35e277494071ec6172cd182c9569ab7db268a2f5"},
    {file = "PyQt6_sip-13.6.0-cp312-cp312-win32.whl", hash = "sha256:13885361ca2cb2f5085d50359ba61b3fabd41b139fb58f37332acbe631ef2357"},
    {file = "PyQt6_sip-13.6.0-cp312-cp312-win_amd64.whl", hash = "sha256:24441032a29791e82beb7dfd76878339058def0e97fdb7c1cea517f3a0e6e96b"},
    {file = "PyQt6_sip-13.6.0.tar.gz", hash = "sha256:2486e1588071943d4f6657ba09096dc9fffd2322ad2c30041e78ea3f037b5778"},
]

[[package]]
name = "pytest"
version = "7.4.3"
requires_python = ">=3.7"
summary = "pytest: simple powerful testing with Python"
groups = ["default"]
dependencies = [
    "colorama; sys_platform == \"win32\"",
    "exceptiongroup>=1.0.0rc8; python_version < \"3.11\"",
    "iniconfig",
    "packaging",
    "pluggy<2.0,>=0.12",
    "tomli>=1.0.0; python_version < \"3.11\"",
]
files = [
    {file = "pytest-7.4.3-py3-none-any.whl", hash = "sha256:0d009c083ea859a71b76adf7c1d502e4bc170b80a8ef002da5806527b9591fac"},
    {file = "pytest-7.4.3.tar.gz", hash = "sha256:d989d136982de4e3b29dabcc838ad581c64e8ed52c11fbe86ddebd9da0818cd5"},
]

[[package]]
name = "setuptools"
version = "69.0.3"
requires_python = ">=3.8"
summary = "Easily download, build, install, upgrade, and uninstall Python packages"
groups = ["default"]
files = [
    {file = "setuptools-69.0.3-py3-none-any.whl", hash = "sha256:385eb4edd9c9d5c17540511303e39a147ce2fc04bc55289c322b9e5904fe2c05"},
    {file = "setuptools-69.0.3.tar.gz", hash = "sha256:be1af57fc409f93647f2e8e4573a142ed38724b8cdd389706a867bb4efcf1e78"},
]

[[package]]
name = "tomli"
version = "2.0.1"
requires_python = ">=3.7"
summary = "A lil' TOML parser"
groups = ["default"]
marker = "python_version < \"3.11\""
files = [
    {file = "tomli-2.0.1-py3-none-any.whl", hash = "sha256:939de3e7a6161af0c887ef91b7d41a53e7c5a1ca976325f429cb46ea9bc30ecc"},
    {file = "tomli-2.0.1.tar.gz", hash = "sha256:de526c12914f0c550d15924c62d72abc48d6fe7364aa87328337a31007fe8a4f"},
]

[[package]]
name = "virtualenv"
version = "20.25.0"
requires_python = ">=3.7"
summary = "Virtual Python Environment builder"
groups = ["default"]
dependencies = [
    "distlib<1,>=0.3.7",
    "filelock<4,>=3.12.2",
    "platformdirs<5,>=3.9.1",
]
files = [
    {file = "virtualenv-20.25.0-py3-none-any.whl", hash = "sha256:4238949c5ffe6876362d9c0180fc6c3a824a7b12b80604eeb8085f2ed7460de3"},
    {file = "virtualenv-20.25.0.tar.gz", hash = "sha256:bf51c0d9c7dd63ea8e44086fa1e4fb1093a31e963b86959257378aef020e1f1b"},
]
